
Microsoft Visual Studio Solution File, Format Version 12.00
# Visual Studio 2012
Project("{FAE04EC0-301F-11D3-BF4B-00C04F79EFBC}") = "DBSample", "DBSample.csproj", "{3713CE06-2FAF-4779-8969-E06E59400462}"
EndProject
Global
	GlobalSection(SolutionConfigurationPlatforms) = preSolution
		Debug|Any CPU = Debug|Any CPU
		Release|Any CPU = Release|Any CPU
	EndGlobalSection
	GlobalSection(ProjectConfigurationPlatforms) = postSolution
		{3713CE06-2FAF-4779-8969-E06E59400462}.Debug|Any CPU.ActiveCfg = Debug|Any CPU
		{3713CE06-2FAF-4779-8969-E06E59400462}.Debug|Any CPU.Build.0 = Debug|Any CPU
		{3713CE06-2FAF-4779-8969-E06E59400462}.Release|Any CPU.ActiveCfg = Release|Any CPU
		{3713CE06-2FAF-4779-8969-E06E59400462}.Release|Any CPU.Build.0 = Release|Any CPU
	EndGlobalSection
	GlobalSection(SolutionProperties) = preSolution
		HideSolutionNode = FALSE
	EndGlobalSection
EndGlobal
